
Microsoft Visual Studio Solution File, Format Version 12.00
# Visual Studio Version 17
VisualStudioVersion = 17.4.33213.308
MinimumVisualStudioVersion = 10.0.40219.1
Project("{FAE04EC0-301F-11D3-BF4B-00C04F79EFBC}") = "Banking-system", "Banking-system\Banking-system.csproj", "{4A8980FA-CEE0-4195-BF98-879EF913E744}"
EndProject
Global
	GlobalSection(SolutionConfigurationPlatforms) = preSolution
		Debug|Any CPU = Debug|Any CPU
		Release|Any CPU = Release|Any CPU
	EndGlobalSection
	GlobalSection(ProjectConfigurationPlatforms) = postSolution
		{4A8980FA-CEE0-4195-BF98-879EF913E744}.Debug|Any CPU.ActiveCfg = Debug|Any CPU
		{4A8980FA-CEE0-4195-BF98-879EF913E744}.Debug|Any CPU.Build.0 = Debug|Any CPU
		{4A8980FA-CEE0-4195-BF98-879EF913E744}.Release|Any CPU.ActiveCfg = Release|Any CPU
		{4A8980FA-CEE0-4195-BF98-879EF913E744}.Release|Any CPU.Build.0 = Release|Any CPU
	EndGlobalSection
	GlobalSection(SolutionProperties) = preSolution
		HideSolutionNode = FALSE
	EndGlobalSection
	GlobalSection(ExtensibilityGlobals) = postSolution
		SolutionGuid = {E7A927C9-861B-4134-A48B-1D587F16AF47}
	EndGlobalSection
EndGlobal
